
Microsoft Visual Studio Solution File, Format Version 12.00
# Visual Studio 2017
Project("{FAE04EC0-301F-11D3-BF4B-00C04F79EFBC}") = "bpb Jam 2018", "bpb Jam 2018.csproj", "{56B46FBD-1406-3CEA-FE40-60861A981A2D}"
EndProject
Global
	GlobalSection(SolutionConfigurationPlatforms) = preSolution
		Debug|Any CPU = Debug|Any CPU
		Release|Any CPU = Release|Any CPU
	EndGlobalSection
	GlobalSection(ProjectConfigurationPlatforms) = postSolution
		{56B46FBD-1406-3CEA-FE40-60861A981A2D}.Debug|Any CPU.ActiveCfg = Debug|Any CPU
		{56B46FBD-1406-3CEA-FE40-60861A981A2D}.Debug|Any CPU.Build.0 = Debug|Any CPU
		{56B46FBD-1406-3CEA-FE40-60861A981A2D}.Release|Any CPU.ActiveCfg = Release|Any CPU
		{56B46FBD-1406-3CEA-FE40-60861A981A2D}.Release|Any CPU.Build.0 = Release|Any CPU
	EndGlobalSection
	GlobalSection(SolutionProperties) = preSolution
		HideSolutionNode = FALSE
	EndGlobalSection
EndGlobal
